
Microsoft Visual Studio Solution File, Format Version 12.00
# Visual Studio Version 16
VisualStudioVersion = 16.0.31424.327
MinimumVisualStudioVersion = 10.0.40219.1
Project("{FAE04EC0-301F-11D3-BF4B-00C04F79EFBC}") = "DemoPort", "DemoPort\DemoPort.csproj", "{4250C9B0-72B8-43E4-9B11-85229EB8CEAD}"
EndProject
Global
	GlobalSection(SolutionConfigurationPlatforms) = preSolution
		Debug|Any CPU = Debug|Any CPU
		Release|Any CPU = Release|Any CPU
	EndGlobalSection
	GlobalSection(ProjectConfigurationPlatforms) = postSolution
		{4250C9B0-72B8-43E4-9B11-85229EB8CEAD}.Debug|Any CPU.ActiveCfg = Debug|Any CPU
		{4250C9B0-72B8-43E4-9B11-85229EB8CEAD}.Debug|Any CPU.Build.0 = Debug|Any CPU
		{4250C9B0-72B8-43E4-9B11-85229EB8CEAD}.Release|Any CPU.ActiveCfg = Release|Any CPU
		{4250C9B0-72B8-43E4-9B11-85229EB8CEAD}.Release|Any CPU.Build.0 = Release|Any CPU
	EndGlobalSection
	GlobalSection(SolutionProperties) = preSolution
		HideSolutionNode = FALSE
	EndGlobalSection
	GlobalSection(ExtensibilityGlobals) = postSolution
		SolutionGuid = {99D81934-E6DB-415A-9E65-B6B10ABCA6E8}
	EndGlobalSection
EndGlobal
